
Microsoft Visual Studio Solution File, Format Version 12.00
# Visual Studio Version 17
VisualStudioVersion = 17.4.33122.133
MinimumVisualStudioVersion = 10.0.40219.1
Project("{FAE04EC0-301F-11D3-BF4B-00C04F79EFBC}") = "pudov.lab9", "pudov.lab9\pudov.lab9.csproj", "{75609710-28E3-45FC-8B83-20A4D704B00E}"
EndProject
Global
	GlobalSection(SolutionConfigurationPlatforms) = preSolution
		Debug|Any CPU = Debug|Any CPU
		Release|Any CPU = Release|Any CPU
	EndGlobalSection
	GlobalSection(ProjectConfigurationPlatforms) = postSolution
		{75609710-28E3-45FC-8B83-20A4D704B00E}.Debug|Any CPU.ActiveCfg = Debug|Any CPU
		{75609710-28E3-45FC-8B83-20A4D704B00E}.Debug|Any CPU.Build.0 = Debug|Any CPU
		{75609710-28E3-45FC-8B83-20A4D704B00E}.Release|Any CPU.ActiveCfg = Release|Any CPU
		{75609710-28E3-45FC-8B83-20A4D704B00E}.Release|Any CPU.Build.0 = Release|Any CPU
	EndGlobalSection
	GlobalSection(SolutionProperties) = preSolution
		HideSolutionNode = FALSE
	EndGlobalSection
	GlobalSection(ExtensibilityGlobals) = postSolution
		SolutionGuid = {36107ADA-7707-4AAE-9C29-7F7C3FF04D07}
	EndGlobalSection
EndGlobal
